
Microsoft Visual Studio Solution File, Format Version 12.00
# Visual Studio 15
VisualStudioVersion = 15.0.28307.136
MinimumVisualStudioVersion = 10.0.40219.1
Project("{8BC9CEB8-8B4A-11D0-8D11-00A0C91BC942}") = "1001 A+B Format", "1001 A+B Format\1001 A+B Format.vcxproj", "{17D526D4-7693-44CF-A9B6-667824CD65A0}"
EndProject
Project("{8BC9CEB8-8B4A-11D0-8D11-00A0C91BC942}") = "1002 A+B for Polynomials", "1002 A+B for Polynomials\1002 A+B for Polynomials.vcxproj", "{00044058-600F-414C-AB20-F1BFC7875609}"
EndProject
Project("{8BC9CEB8-8B4A-11D0-8D11-00A0C91BC942}") = "1003 Emergency", "1003 Emergency\1003 Emergency.vcxproj", "{643C7EC0-0FE0-4EFA-BE2F-2741AA92B270}"
EndProject
Project("{8BC9CEB8-8B4A-11D0-8D11-00A0C91BC942}") = "1004 Counting Leaves", "1004 Counting Leaves\1004 Counting Leaves.vcxproj", "{9B3551BC-53E4-4B8B-BCC1-F5739B18D2DB}"
EndProject
Project("{8BC9CEB8-8B4A-11D0-8D11-00A0C91BC942}") = "1005 Spell It Right", "1005 Spell It Right\1005 Spell It Right.vcxproj", "{C09344C4-5247-4009-8939-5FF64879FA22}"
EndProject
Project("{8BC9CEB8-8B4A-11D0-8D11-00A0C91BC942}") = "1006 Sign In and Sign Out", "1006 Sign In and Sign Out\1006 Sign In and Sign Out.vcxproj", "{7D0818EE-8AF7-4DAC-88D0-B14154387186}"
EndProject
Project("{8BC9CEB8-8B4A-11D0-8D11-00A0C91BC942}") = "1007 Maximum Subsequence Sum", "1007 Maximum Subsequence Sum\1007 Maximum Subsequence Sum.vcxproj", "{68B9DFD8-91BB-47E0-B74E-3B2F9E260D63}"
EndProject
Project("{8BC9CEB8-8B4A-11D0-8D11-00A0C91BC942}") = "UnitTest", "UnitTest\UnitTest.vcxproj", "{9848F0EB-55F8-4495-9F19-E846D1AC3644}"
EndProject
Project("{8BC9CEB8-8B4A-11D0-8D11-00A0C91BC942}") = "1008 Elevator", "1008 Elevator\1008 Elevator.vcxproj", "{C9E722A8-1758-4E6D-A25E-D1E8EE281DE3}"
EndProject
Project("{8BC9CEB8-8B4A-11D0-8D11-00A0C91BC942}") = "1009 Product of Polynomials", "1009 Product of Polynomials\1009 Product of Polynomials.vcxproj", "{C19548D5-12A7-473B-A54E-AEFE656BE4A1}"
EndProject
Project("{8BC9CEB8-8B4A-11D0-8D11-00A0C91BC942}") = "1010 Radix", "1010 Radix\1010 Radix.vcxproj", "{44105F7D-8C41-4185-85EB-855F8E9BFCDB}"
EndProject
Project("{8BC9CEB8-8B4A-11D0-8D11-00A0C91BC942}") = "1011 World Cup Betting", "1011 World Cup Betting\1011 World Cup Betting.vcxproj", "{CD55B07A-ADEF-46E5-8B4F-162A31E25D9C}"
EndProject
Project("{8BC9CEB8-8B4A-11D0-8D11-00A0C91BC942}") = "1012 The Best Rank", "1012 The Best Rank\1012 The Best Rank.vcxproj", "{41B30E06-2385-425A-A936-8083AD281F0A}"
EndProject
Project("{8BC9CEB8-8B4A-11D0-8D11-00A0C91BC942}") = "1014 Waiting in Line", "1014 Waiting in Line\1014 Waiting in Line.vcxproj", "{A2CE6E24-FDB6-44E7-A665-BFC1A3FF4763}"
EndProject
Project("{8BC9CEB8-8B4A-11D0-8D11-00A0C91BC942}") = "1015 Reversible Primes", "1015 Reversible Primes\1015 Reversible Primes.vcxproj", "{791395F0-690C-4B07-9FD4-88A2C45679D3}"
EndProject
Project("{8BC9CEB8-8B4A-11D0-8D11-00A0C91BC942}") = "1016 Phone Bills", "1016 Phone Bills\1016 Phone Bills.vcxproj", "{DE900FBB-B40F-4221-931C-959B259FFB50}"
EndProject
Project("{8BC9CEB8-8B4A-11D0-8D11-00A0C91BC942}") = "1017 Queueing at Bank", "1017 Queueing at Bank\1017 Queueing at Bank.vcxproj", "{68B508EE-A104-495E-9211-5EBBEC0BDFA9}"
EndProject
Project("{8BC9CEB8-8B4A-11D0-8D11-00A0C91BC942}") = "1018 Public Bike Management", "1018 Public Bike Management\1018 Public Bike Management.vcxproj", "{7C17A4B0-1CCD-4906-A10A-A5B8581DA953}"
EndProject
Project("{8BC9CEB8-8B4A-11D0-8D11-00A0C91BC942}") = "1019 General Palindromic Number", "1019 General Palindromic Number\1019 General Palindromic Number.vcxproj", "{D6A477C9-EFA3-4F19-AF86-3A92610C7592}"
EndProject
Project("{8BC9CEB8-8B4A-11D0-8D11-00A0C91BC942}") = "1020 Tree Traversals", "1020 Tree Traversals\1020 Tree Traversals.vcxproj", "{6003ADA9-9B3C-4BB9-ACFA-73E79937E01D}"
EndProject
Project("{8BC9CEB8-8B4A-11D0-8D11-00A0C91BC942}") = "1021 Deepest Root", "1021 Deepest Root\1021 Deepest Root.vcxproj", "{F17E4B86-88B0-4653-8BAE-018EE5326150}"
EndProject
Project("{8BC9CEB8-8B4A-11D0-8D11-00A0C91BC942}") = "1022 Digital Library", "1022 Digital Library\1022 Digital Library.vcxproj", "{F1769240-3CBD-4905-BE6F-2393EE912A97}"
EndProject
Project("{8BC9CEB8-8B4A-11D0-8D11-00A0C91BC942}") = "1023 Have Fun with Numbers", "1023 Have Fun with Numbers\1023 Have Fun with Numbers.vcxproj", "{A554B6A9-55AD-4C98-AC16-72D225502C7B}"
EndProject
Project("{8BC9CEB8-8B4A-11D0-8D11-00A0C91BC942}") = "1024 Palindromic Number", "1024 Palindromic Number\1024 Palindromic Number.vcxproj", "{E4D75496-A6EA-4093-B825-9D9E270AEFAA}"
EndProject
Project("{8BC9CEB8-8B4A-11D0-8D11-00A0C91BC942}") = "1025 PAT Ranking", "1025 PAT Ranking\1025 PAT Ranking.vcxproj", "{D6D618E2-31A2-4CC1-A087-5979E86F9750}"
EndProject
Project("{8BC9CEB8-8B4A-11D0-8D11-00A0C91BC942}") = "1026 Table Tennis", "1026 Table Tennis\1026 Table Tennis.vcxproj", "{52DCD6B7-0DA1-4769-83B8-FAC4090052B4}"
EndProject
Project("{8BC9CEB8-8B4A-11D0-8D11-00A0C91BC942}") = "1027 Colors in Mars", "1027 Colors in Mars\1027 Colors in Mars.vcxproj", "{BBC59093-9A86-4D89-B33E-C2B8E4F104C6}"
EndProject
Project("{8BC9CEB8-8B4A-11D0-8D11-00A0C91BC942}") = "1028 List Sorting", "1028 List Sorting\1028 List Sorting.vcxproj", "{968834AA-9F67-437D-8022-8D353B53C6C6}"
EndProject
Project("{8BC9CEB8-8B4A-11D0-8D11-00A0C91BC942}") = "1029 Median", "1029 Median\1029 Median.vcxproj", "{3DFA6B9B-A17C-4A57-B062-6808C2721E08}"
EndProject
Project("{8BC9CEB8-8B4A-11D0-8D11-00A0C91BC942}") = "1030 Travel Plan", "1030 Travel Plan\1030 Travel Plan.vcxproj", "{A4D7AEBF-826D-48B5-9B81-9C3CAB41C6E1}"
EndProject
Project("{8BC9CEB8-8B4A-11D0-8D11-00A0C91BC942}") = "1031 Hello World for U", "1031 Hello World for U\1031 Hello World for U.vcxproj", "{113C9F65-55EE-412B-8C5F-C588CFB9A02D}"
EndProject
Project("{8BC9CEB8-8B4A-11D0-8D11-00A0C91BC942}") = "1032 Sharing", "1032 Sharing\1032 Sharing.vcxproj", "{10411406-4EA1-49BA-AF26-8A2FC8F95059}"
EndProject
Project("{8BC9CEB8-8B4A-11D0-8D11-00A0C91BC942}") = "1033 To Fill or Not to Fill", "1033 To Fill or Not to Fill\1033 To Fill or Not to Fill.vcxproj", "{0CCA199D-7B35-4202-8B1F-15AE5444426D}"
EndProject
Project("{8BC9CEB8-8B4A-11D0-8D11-00A0C91BC942}") = "1034 Head of a Gang", "1034 Head of a Gang\1034 Head of a Gang.vcxproj", "{7AA2AA6B-30EA-461F-98BB-468C50845356}"
EndProject
Project("{8BC9CEB8-8B4A-11D0-8D11-00A0C91BC942}") = "1035 Password", "1035 Password\1035 Password.vcxproj", "{6BF85A79-36D9-44DD-B2B1-08CC0EC5AB9A}"
EndProject
Project("{8BC9CEB8-8B4A-11D0-8D11-00A0C91BC942}") = "1038 Recover the Smallest Number", "1038 Recover the Smallest Number\1038 Recover the Smallest Number.vcxproj", "{FAF967EF-8FB2-4B07-90EF-33CA262BA568}"
EndProject
Project("{8BC9CEB8-8B4A-11D0-8D11-00A0C91BC942}") = "1039 Course List for Student", "1039 Course List for Student\1039 Course List for Student.vcxproj", "{D3EA1BCD-6923-41A3-B2A1-450ACE54CBEF}"
EndProject
Project("{8BC9CEB8-8B4A-11D0-8D11-00A0C91BC942}") = "1040 Longest Symmetric String", "1040 Longest Symmetric String\1040 Longest Symmetric String.vcxproj", "{81593BBA-0B22-41E9-9493-034F9556F422}"
EndProject
Project("{8BC9CEB8-8B4A-11D0-8D11-00A0C91BC942}") = "1042 Shuffling Machine", "1042 Shuffling Machine\1042 Shuffling Machine.vcxproj", "{8B6E941D-A45F-44E4-9BD1-11E9DA42BDCB}"
EndProject
Global
	GlobalSection(SolutionConfigurationPlatforms) = preSolution
		Debug|x64 = Debug|x64
		Debug|x86 = Debug|x86
		Release|x64 = Release|x64
		Release|x86 = Release|x86
	EndGlobalSection
	GlobalSection(ProjectConfigurationPlatforms) = postSolution
		{17D526D4-7693-44CF-A9B6-667824CD65A0}.Debug|x64.ActiveCfg = Debug|x64
		{17D526D4-7693-44CF-A9B6-667824CD65A0}.Debug|x64.Build.0 = Debug|x64
		{17D526D4-7693-44CF-A9B6-667824CD65A0}.Debug|x86.ActiveCfg = Debug|Win32
		{17D526D4-7693-44CF-A9B6-667824CD65A0}.Debug|x86.Build.0 = Debug|Win32
		{17D526D4-7693-44CF-A9B6-667824CD65A0}.Release|x64.ActiveCfg = Release|x64
		{17D526D4-7693-44CF-A9B6-667824CD65A0}.Release|x64.Build.0 = Release|x64
		{17D526D4-7693-44CF-A9B6-667824CD65A0}.Release|x86.ActiveCfg = Release|Win32
		{17D526D4-7693-44CF-A9B6-667824CD65A0}.Release|x86.Build.0 = Release|Win32
		{00044058-600F-414C-AB20-F1BFC7875609}.Debug|x64.ActiveCfg = Debug|x64
		{00044058-600F-414C-AB20-F1BFC7875609}.Debug|x64.Build.0 = Debug|x64
		{00044058-600F-414C-AB20-F1BFC7875609}.Debug|x86.ActiveCfg = Debug|Win32
		{00044058-600F-414C-AB20-F1BFC7875609}.Debug|x86.Build.0 = Debug|Win32
		{00044058-600F-414C-AB20-F1BFC7875609}.Release|x64.ActiveCfg = Release|x64
		{00044058-600F-414C-AB20-F1BFC7875609}.Release|x64.Build.0 = Release|x64
		{00044058-600F-414C-AB20-F1BFC7875609}.Release|x86.ActiveCfg = Release|Win32
		{00044058-600F-414C-AB20-F1BFC7875609}.Release|x86.Build.0 = Release|Win32
		{643C7EC0-0FE0-4EFA-BE2F-2741AA92B270}.Debug|x64.ActiveCfg = Debug|x64
		{643C7EC0-0FE0-4EFA-BE2F-2741AA92B270}.Debug|x64.Build.0 = Debug|x64
		{643C7EC0-0FE0-4EFA-BE2F-2741AA92B270}.Debug|x86.ActiveCfg = Debug|Win32
		{643C7EC0-0FE0-4EFA-BE2F-2741AA92B270}.Debug|x86.Build.0 = Debug|Win32
		{643C7EC0-0FE0-4EFA-BE2F-2741AA92B270}.Release|x64.ActiveCfg = Release|x64
		{643C7EC0-0FE0-4EFA-BE2F-2741AA92B270}.Release|x64.Build.0 = Release|x64
		{643C7EC0-0FE0-4EFA-BE2F-2741AA92B270}.Release|x86.ActiveCfg = Release|Win32
		{643C7EC0-0FE0-4EFA-BE2F-2741AA92B270}.Release|x86.Build.0 = Release|Win32
		{9B3551BC-53E4-4B8B-BCC1-F5739B18D2DB}.Debug|x64.ActiveCfg = Debug|x64
		{9B3551BC-53E4-4B8B-BCC1-F5739B18D2DB}.Debug|x64.Build.0 = Debug|x64
		{9B3551BC-53E4-4B8B-BCC1-F5739B18D2DB}.Debug|x86.ActiveCfg = Debug|Win32
		{9B3551BC-53E4-4B8B-BCC1-F5739B18D2DB}.Debug|x86.Build.0 = Debug|Win32
		{9B3551BC-53E4-4B8B-BCC1-F5739B18D2DB}.Release|x64.ActiveCfg = Release|x64
		{9B3551BC-53E4-4B8B-BCC1-F5739B18D2DB}.Release|x64.Build.0 = Release|x64
		{9B3551BC-53E4-4B8B-BCC1-F5739B18D2DB}.Release|x86.ActiveCfg = Release|Win32
		{9B3551BC-53E4-4B8B-BCC1-F5739B18D2DB}.Release|x86.Build.0 = Release|Win32
		{C09344C4-5247-4009-8939-5FF64879FA22}.Debug|x64.ActiveCfg = Debug|x64
		{C09344C4-5247-4009-8939-5FF64879FA22}.Debug|x64.Build.0 = Debug|x64
		{C09344C4-5247-4009-8939-5FF64879FA22}.Debug|x86.ActiveCfg = Debug|Win32
		{C09344C4-5247-4009-8939-5FF64879FA22}.Debug|x86.Build.0 = Debug|Win32
		{C09344C4-5247-4009-8939-5FF64879FA22}.Release|x64.ActiveCfg = Release|x64
		{C09344C4-5247-4009-8939-5FF64879FA22}.Release|x64.Build.0 = Release|x64
		{C09344C4-5247-4009-8939-5FF64879FA22}.Release|x86.ActiveCfg = Release|Win32
		{C09344C4-5247-4009-8939-5FF64879FA22}.Release|x86.Build.0 = Release|Win32
		{7D0818EE-8AF7-4DAC-88D0-B14154387186}.Debug|x64.ActiveCfg = Debug|x64
		{7D0818EE-8AF7-4DAC-88D0-B14154387186}.Debug|x64.Build.0 = Debug|x64
		{7D0818EE-8AF7-4DAC-88D0-B14154387186}.Debug|x86.ActiveCfg = Debug|Win32
		{7D0818EE-8AF7-4DAC-88D0-B14154387186}.Debug|x86.Build.0 = Debug|Win32
		{7D0818EE-8AF7-4DAC-88D0-B14154387186}.Release|x64.ActiveCfg = Release|x64
		{7D0818EE-8AF7-4DAC-88D0-B14154387186}.Release|x64.Build.0 = Release|x64
		{7D0818EE-8AF7-4DAC-88D0-B14154387186}.Release|x86.ActiveCfg = Release|Win32
		{7D0818EE-8AF7-4DAC-88D0-B14154387186}.Release|x86.Build.0 = Release|Win32
		{68B9DFD8-91BB-47E0-B74E-3B2F9E260D63}.Debug|x64.ActiveCfg = Debug|x64
		{68B9DFD8-91BB-47E0-B74E-3B2F9E260D63}.Debug|x64.Build.0 = Debug|x64
		{68B9DFD8-91BB-47E0-B74E-3B2F9E260D63}.Debug|x86.ActiveCfg = Debug|Win32
		{68B9DFD8-91BB-47E0-B74E-3B2F9E260D63}.Debug|x86.Build.0 = Debug|Win32
		{68B9DFD8-91BB-47E0-B74E-3B2F9E260D63}.Release|x64.ActiveCfg = Release|x64
		{68B9DFD8-91BB-47E0-B74E-3B2F9E260D63}.Release|x64.Build.0 = Release|x64
		{68B9DFD8-91BB-47E0-B74E-3B2F9E260D63}.Release|x86.ActiveCfg = Release|Win32
		{68B9DFD8-91BB-47E0-B74E-3B2F9E260D63}.Release|x86.Build.0 = Release|Win32
		{9848F0EB-55F8-4495-9F19-E846D1AC3644}.Debug|x64.ActiveCfg = Debug|x64
		{9848F0EB-55F8-4495-9F19-E846D1AC3644}.Debug|x64.Build.0 = Debug|x64
		{9848F0EB-55F8-4495-9F19-E846D1AC3644}.Debug|x86.ActiveCfg = Debug|Win32
		{9848F0EB-55F8-4495-9F19-E846D1AC3644}.Debug|x86.Build.0 = Debug|Win32
		{9848F0EB-55F8-4495-9F19-E846D1AC3644}.Release|x64.ActiveCfg = Release|x64
		{9848F0EB-55F8-4495-9F19-E846D1AC3644}.Release|x64.Build.0 = Release|x64
		{9848F0EB-55F8-4495-9F19-E846D1AC3644}.Release|x86.ActiveCfg = Release|Win32
		{9848F0EB-55F8-4495-9F19-E846D1AC3644}.Release|x86.Build.0 = Release|Win32
		{C9E722A8-1758-4E6D-A25E-D1E8EE281DE3}.Debug|x64.ActiveCfg = Debug|x64
		{C9E722A8-1758-4E6D-A25E-D1E8EE281DE3}.Debug|x64.Build.0 = Debug|x64
		{C9E722A8-1758-4E6D-A25E-D1E8EE281DE3}.Debug|x86.ActiveCfg = Debug|Win32
		{C9E722A8-1758-4E6D-A25E-D1E8EE281DE3}.Debug|x86.Build.0 = Debug|Win32
		{C9E722A8-1758-4E6D-A25E-D1E8EE281DE3}.Release|x64.ActiveCfg = Release|x64
		{C9E722A8-1758-4E6D-A25E-D1E8EE281DE3}.Release|x64.Build.0 = Release|x64
		{C9E722A8-1758-4E6D-A25E-D1E8EE281DE3}.Release|x86.ActiveCfg = Release|Win32
		{C9E722A8-1758-4E6D-A25E-D1E8EE281DE3}.Release|x86.Build.0 = Release|Win32
		{C19548D5-12A7-473B-A54E-AEFE656BE4A1}.Debug|x64.ActiveCfg = Debug|x64
		{C19548D5-12A7-473B-A54E-AEFE656BE4A1}.Debug|x64.Build.0 = Debug|x64
		{C19548D5-12A7-473B-A54E-AEFE656BE4A1}.Debug|x86.ActiveCfg = Debug|Win32
		{C19548D5-12A7-473B-A54E-AEFE656BE4A1}.Debug|x86.Build.0 = Debug|Win32
		{C19548D5-12A7-473B-A54E-AEFE656BE4A1}.Release|x64.ActiveCfg = Release|x64
		{C19548D5-12A7-473B-A54E-AEFE656BE4A1}.Release|x64.Build.0 = Release|x64
		{C19548D5-12A7-473B-A54E-AEFE656BE4A1}.Release|x86.ActiveCfg = Release|Win32
		{C19548D5-12A7-473B-A54E-AEFE656BE4A1}.Release|x86.Build.0 = Release|Win32
		{44105F7D-8C41-4185-85EB-855F8E9BFCDB}.Debug|x64.ActiveCfg = Debug|x64
		{44105F7D-8C41-4185-85EB-855F8E9BFCDB}.Debug|x64.Build.0 = Debug|x64
		{44105F7D-8C41-4185-85EB-855F8E9BFCDB}.Debug|x86.ActiveCfg = Debug|Win32
		{44105F7D-8C41-4185-85EB-855F8E9BFCDB}.Debug|x86.Build.0 = Debug|Win32
		{44105F7D-8C41-4185-85EB-855F8E9BFCDB}.Release|x64.ActiveCfg = Release|x64
		{44105F7D-8C41-4185-85EB-855F8E9BFCDB}.Release|x64.Build.0 = Release|x64
		{44105F7D-8C41-4185-85EB-855F8E9BFCDB}.Release|x86.ActiveCfg = Release|Win32
		{44105F7D-8C41-4185-85EB-855F8E9BFCDB}.Release|x86.Build.0 = Release|Win32
		{CD55B07A-ADEF-46E5-8B4F-162A31E25D9C}.Debug|x64.ActiveCfg = Debug|x64
		{CD55B07A-ADEF-46E5-8B4F-162A31E25D9C}.Debug|x64.Build.0 = Debug|x64
		{CD55B07A-ADEF-46E5-8B4F-162A31E25D9C}.Debug|x86.ActiveCfg = Debug|Win32
		{CD55B07A-ADEF-46E5-8B4F-162A31E25D9C}.Debug|x86.Build.0 = Debug|Win32
		{CD55B07A-ADEF-46E5-8B4F-162A31E25D9C}.Release|x64.ActiveCfg = Release|x64
		{CD55B07A-ADEF-46E5-8B4F-162A31E25D9C}.Release|x64.Build.0 = Release|x64
		{CD55B07A-ADEF-46E5-8B4F-162A31E25D9C}.Release|x86.ActiveCfg = Release|Win32
		{CD55B07A-ADEF-46E5-8B4F-162A31E25D9C}.Release|x86.Build.0 = Release|Win32
		{41B30E06-2385-425A-A936-8083AD281F0A}.Debug|x64.ActiveCfg = Debug|x64
		{41B30E06-2385-425A-A936-8083AD281F0A}.Debug|x64.Build.0 = Debug|x64
		{41B30E06-2385-425A-A936-8083AD281F0A}.Debug|x86.ActiveCfg = Debug|Win32
		{41B30E06-2385-425A-A936-8083AD281F0A}.Debug|x86.Build.0 = Debug|Win32
		{41B30E06-2385-425A-A936-8083AD281F0A}.Release|x64.ActiveCfg = Release|x64
		{41B30E06-2385-425A-A936-8083AD281F0A}.Release|x64.Build.0 = Release|x64
		{41B30E06-2385-425A-A936-8083AD281F0A}.Release|x86.ActiveCfg = Release|Win32
		{41B30E06-2385-425A-A936-8083AD281F0A}.Release|x86.Build.0 = Release|Win32
		{A2CE6E24-FDB6-44E7-A665-BFC1A3FF4763}.Debug|x64.ActiveCfg = Debug|x64
		{A2CE6E24-FDB6-44E7-A665-BFC1A3FF4763}.Debug|x64.Build.0 = Debug|x64
		{A2CE6E24-FDB6-44E7-A665-BFC1A3FF4763}.Debug|x86.ActiveCfg = Debug|Win32
		{A2CE6E24-FDB6-44E7-A665-BFC1A3FF4763}.Debug|x86.Build.0 = Debug|Win32
		{A2CE6E24-FDB6-44E7-A665-BFC1A3FF4763}.Release|x64.ActiveCfg = Release|x64
		{A2CE6E24-FDB6-44E7-A665-BFC1A3FF4763}.Release|x64.Build.0 = Release|x64
		{A2CE6E24-FDB6-44E7-A665-BFC1A3FF4763}.Release|x86.ActiveCfg = Release|Win32
		{A2CE6E24-FDB6-44E7-A665-BFC1A3FF4763}.Release|x86.Build.0 = Release|Win32
		{791395F0-690C-4B07-9FD4-88A2C45679D3}.Debug|x64.ActiveCfg = Debug|x64
		{791395F0-690C-4B07-9FD4-88A2C45679D3}.Debug|x64.Build.0 = Debug|x64
		{791395F0-690C-4B07-9FD4-88A2C45679D3}.Debug|x86.ActiveCfg = Debug|Win32
		{791395F0-690C-4B07-9FD4-88A2C45679D3}.Debug|x86.Build.0 = Debug|Win32
		{791395F0-690C-4B07-9FD4-88A2C45679D3}.Release|x64.ActiveCfg = Release|x64
		{791395F0-690C-4B07-9FD4-88A2C45679D3}.Release|x64.Build.0 = Release|x64
		{791395F0-690C-4B07-9FD4-88A2C45679D3}.Release|x86.ActiveCfg = Release|Win32
		{791395F0-690C-4B07-9FD4-88A2C45679D3}.Release|x86.Build.0 = Release|Win32
		{DE900FBB-B40F-4221-931C-959B259FFB50}.Debug|x64.ActiveCfg = Debug|x64
		{DE900FBB-B40F-4221-931C-959B259FFB50}.Debug|x64.Build.0 = Debug|x64
		{DE900FBB-B40F-4221-931C-959B259FFB50}.Debug|x86.ActiveCfg = Debug|Win32
		{DE900FBB-B40F-4221-931C-959B259FFB50}.Debug|x86.Build.0 = Debug|Win32
		{DE900FBB-B40F-4221-931C-959B259FFB50}.Release|x64.ActiveCfg = Release|x64
		{DE900FBB-B40F-4221-931C-959B259FFB50}.Release|x64.Build.0 = Release|x64
		{DE900FBB-B40F-4221-931C-959B259FFB50}.Release|x86.ActiveCfg = Release|Win32
		{DE900FBB-B40F-4221-931C-959B259FFB50}.Release|x86.Build.0 = Release|Win32
		{68B508EE-A104-495E-9211-5EBBEC0BDFA9}.Debug|x64.ActiveCfg = Debug|x64
		{68B508EE-A104-495E-9211-5EBBEC0BDFA9}.Debug|x64.Build.0 = Debug|x64
		{68B508EE-A104-495E-9211-5EBBEC0BDFA9}.Debug|x86.ActiveCfg = Debug|Win32
		{68B508EE-A104-495E-9211-5EBBEC0BDFA9}.Debug|x86.Build.0 = Debug|Win32
		{68B508EE-A104-495E-9211-5EBBEC0BDFA9}.Release|x64.ActiveCfg = Release|x64
		{68B508EE-A104-495E-9211-5EBBEC0BDFA9}.Release|x64.Build.0 = Release|x64
		{68B508EE-A104-495E-9211-5EBBEC0BDFA9}.Release|x86.ActiveCfg = Release|Win32
		{68B508EE-A104-495E-9211-5EBBEC0BDFA9}.Release|x86.Build.0 = Release|Win32
		{7C17A4B0-1CCD-4906-A10A-A5B8581DA953}.Debug|x64.ActiveCfg = Debug|x64
		{7C17A4B0-1CCD-4906-A10A-A5B8581DA953}.Debug|x64.Build.0 = Debug|x64
		{7C17A4B0-1CCD-4906-A10A-A5B8581DA953}.Debug|x86.ActiveCfg = Debug|Win32
		{7C17A4B0-1CCD-4906-A10A-A5B8581DA953}.Debug|x86.Build.0 = Debug|Win32
		{7C17A4B0-1CCD-4906-A10A-A5B8581DA953}.Release|x64.ActiveCfg = Release|x64
		{7C17A4B0-1CCD-4906-A10A-A5B8581DA953}.Release|x64.Build.0 = Release|x64
		{7C17A4B0-1CCD-4906-A10A-A5B8581DA953}.Release|x86.ActiveCfg = Release|Win32
		{7C17A4B0-1CCD-4906-A10A-A5B8581DA953}.Release|x86.Build.0 = Release|Win32
		{D6A477C9-EFA3-4F19-AF86-3A92610C7592}.Debug|x64.ActiveCfg = Debug|x64
		{D6A477C9-EFA3-4F19-AF86-3A92610C7592}.Debug|x64.Build.0 = Debug|x64
		{D6A477C9-EFA3-4F19-AF86-3A92610C7592}.Debug|x86.ActiveCfg = Debug|Win32
		{D6A477C9-EFA3-4F19-AF86-3A92610C7592}.Debug|x86.Build.0 = Debug|Win32
		{D6A477C9-EFA3-4F19-AF86-3A92610C7592}.Release|x64.ActiveCfg = Release|x64
		{D6A477C9-EFA3-4F19-AF86-3A92610C7592}.Release|x64.Build.0 = Release|x64
		{D6A477C9-EFA3-4F19-AF86-3A92610C7592}.Release|x86.ActiveCfg = Release|Win32
		{D6A477C9-EFA3-4F19-AF86-3A92610C7592}.Release|x86.Build.0 = Release|Win32
		{6003ADA9-9B3C-4BB9-ACFA-73E79937E01D}.Debug|x64.ActiveCfg = Debug|x64
		{6003ADA9-9B3C-4BB9-ACFA-73E79937E01D}.Debug|x64.Build.0 = Debug|x64
		{6003ADA9-9B3C-4BB9-ACFA-73E79937E01D}.Debug|x86.ActiveCfg = Debug|Win32
		{6003ADA9-9B3C-4BB9-ACFA-73E79937E01D}.Debug|x86.Build.0 = Debug|Win32
		{6003ADA9-9B3C-4BB9-ACFA-73E79937E01D}.Release|x64.ActiveCfg = Release|x64
		{6003ADA9-9B3C-4BB9-ACFA-73E79937E01D}.Release|x64.Build.0 = Release|x64
		{6003ADA9-9B3C-4BB9-ACFA-73E79937E01D}.Release|x86.ActiveCfg = Release|Win32
		{6003ADA9-9B3C-4BB9-ACFA-73E79937E01D}.Release|x86.Build.0 = Release|Win32
		{F17E4B86-88B0-4653-8BAE-018EE5326150}.Debug|x64.ActiveCfg = Debug|x64
		{F17E4B86-88B0-4653-8BAE-018EE5326150}.Debug|x64.Build.0 = Debug|x64
		{F17E4B86-88B0-4653-8BAE-018EE5326150}.Debug|x86.ActiveCfg = Debug|Win32
		{F17E4B86-88B0-4653-8BAE-018EE5326150}.Debug|x86.Build.0 = Debug|Win32
		{F17E4B86-88B0-4653-8BAE-018EE5326150}.Release|x64.ActiveCfg = Release|x64
		{F17E4B86-88B0-4653-8BAE-018EE5326150}.Release|x64.Build.0 = Release|x64
		{F17E4B86-88B0-4653-8BAE-018EE5326150}.Release|x86.ActiveCfg = Release|Win32
		{F17E4B86-88B0-4653-8BAE-018EE5326150}.Release|x86.Build.0 = Release|Win32
		{F1769240-3CBD-4905-BE6F-2393EE912A97}.Debug|x64.ActiveCfg = Debug|x64
		{F1769240-3CBD-4905-BE6F-2393EE912A97}.Debug|x64.Build.0 = Debug|x64
		{F1769240-3CBD-4905-BE6F-2393EE912A97}.Debug|x86.ActiveCfg = Debug|Win32
		{F1769240-3CBD-4905-BE6F-2393EE912A97}.Debug|x86.Build.0 = Debug|Win32
		{F1769240-3CBD-4905-BE6F-2393EE912A97}.Release|x64.ActiveCfg = Release|x64
		{F1769240-3CBD-4905-BE6F-2393EE912A97}.Release|x64.Build.0 = Release|x64
		{F1769240-3CBD-4905-BE6F-2393EE912A97}.Release|x86.ActiveCfg = Release|Win32
		{F1769240-3CBD-4905-BE6F-2393EE912A97}.Release|x86.Build.0 = Release|Win32
		{A554B6A9-55AD-4C98-AC16-72D225502C7B}.Debug|x64.ActiveCfg = Debug|x64
		{A554B6A9-55AD-4C98-AC16-72D225502C7B}.Debug|x64.Build.0 = Debug|x64
		{A554B6A9-55AD-4C98-AC16-72D225502C7B}.Debug|x86.ActiveCfg = Debug|Win32
		{A554B6A9-55AD-4C98-AC16-72D225502C7B}.Debug|x86.Build.0 = Debug|Win32
		{A554B6A9-55AD-4C98-AC16-72D225502C7B}.Release|x64.ActiveCfg = Release|x64
		{A554B6A9-55AD-4C98-AC16-72D225502C7B}.Release|x64.Build.0 = Release|x64
		{A554B6A9-55AD-4C98-AC16-72D225502C7B}.Release|x86.ActiveCfg = Release|Win32
		{A554B6A9-55AD-4C98-AC16-72D225502C7B}.Release|x86.Build.0 = Release|Win32
		{E4D75496-A6EA-4093-B825-9D9E270AEFAA}.Debug|x64.ActiveCfg = Debug|x64
		{E4D75496-A6EA-4093-B825-9D9E270AEFAA}.Debug|x64.Build.0 = Debug|x64
		{E4D75496-A6EA-4093-B825-9D9E270AEFAA}.Debug|x86.ActiveCfg = Debug|Win32
		{E4D75496-A6EA-4093-B825-9D9E270AEFAA}.Debug|x86.Build.0 = Debug|Win32
		{E4D75496-A6EA-4093-B825-9D9E270AEFAA}.Release|x64.ActiveCfg = Release|x64
		{E4D75496-A6EA-4093-B825-9D9E270AEFAA}.Release|x64.Build.0 = Release|x64
		{E4D75496-A6EA-4093-B825-9D9E270AEFAA}.Release|x86.ActiveCfg = Release|Win32
		{E4D75496-A6EA-4093-B825-9D9E270AEFAA}.Release|x86.Build.0 = Release|Win32
		{D6D618E2-31A2-4CC1-A087-5979E86F9750}.Debug|x64.ActiveCfg = Debug|x64
		{D6D618E2-31A2-4CC1-A087-5979E86F9750}.Debug|x64.Build.0 = Debug|x64
		{D6D618E2-31A2-4CC1-A087-5979E86F9750}.Debug|x86.ActiveCfg = Debug|Win32
		{D6D618E2-31A2-4CC1-A087-5979E86F9750}.Debug|x86.Build.0 = Debug|Win32
		{D6D618E2-31A2-4CC1-A087-5979E86F9750}.Release|x64.ActiveCfg = Release|x64
		{D6D618E2-31A2-4CC1-A087-5979E86F9750}.Release|x64.Build.0 = Release|x64
		{D6D618E2-31A2-4CC1-A087-5979E86F9750}.Release|x86.ActiveCfg = Release|Win32
		{D6D618E2-31A2-4CC1-A087-5979E86F9750}.Release|x86.Build.0 = Release|Win32
		{52DCD6B7-0DA1-4769-83B8-FAC4090052B4}.Debug|x64.ActiveCfg = Debug|x64
		{52DCD6B7-0DA1-4769-83B8-FAC4090052B4}.Debug|x64.Build.0 = Debug|x64
		{52DCD6B7-0DA1-4769-83B8-FAC4090052B4}.Debug|x86.ActiveCfg = Debug|Win32
		{52DCD6B7-0DA1-4769-83B8-FAC4090052B4}.Debug|x86.Build.0 = Debug|Win32
		{52DCD6B7-0DA1-4769-83B8-FAC4090052B4}.Release|x64.ActiveCfg = Release|x64
		{52DCD6B7-0DA1-4769-83B8-FAC4090052B4}.Release|x64.Build.0 = Release|x64
		{52DCD6B7-0DA1-4769-83B8-FAC4090052B4}.Release|x86.ActiveCfg = Release|Win32
		{52DCD6B7-0DA1-4769-83B8-FAC4090052B4}.Release|x86.Build.0 = Release|Win32
		{BBC59093-9A86-4D89-B33E-C2B8E4F104C6}.Debug|x64.ActiveCfg = Debug|x64
		{BBC59093-9A86-4D89-B33E-C2B8E4F104C6}.Debug|x64.Build.0 = Debug|x64
		{BBC59093-9A86-4D89-B33E-C2B8E4F104C6}.Debug|x86.ActiveCfg = Debug|Win32
		{BBC59093-9A86-4D89-B33E-C2B8E4F104C6}.Debug|x86.Build.0 = Debug|Win32
		{BBC59093-9A86-4D89-B33E-C2B8E4F104C6}.Release|x64.ActiveCfg = Release|x64
		{BBC59093-9A86-4D89-B33E-C2B8E4F104C6}.Release|x64.Build.0 = Release|x64
		{BBC59093-9A86-4D89-B33E-C2B8E4F104C6}.Release|x86.ActiveCfg = Release|Win32
		{BBC59093-9A86-4D89-B33E-C2B8E4F104C6}.Release|x86.Build.0 = Release|Win32
		{968834AA-9F67-437D-8022-8D353B53C6C6}.Debug|x64.ActiveCfg = Debug|x64
		{968834AA-9F67-437D-8022-8D353B53C6C6}.Debug|x64.Build.0 = Debug|x64
		{968834AA-9F67-437D-8022-8D353B53C6C6}.Debug|x86.ActiveCfg = Debug|Win32
		{968834AA-9F67-437D-8022-8D353B53C6C6}.Debug|x86.Build.0 = Debug|Win32
		{968834AA-9F67-437D-8022-8D353B53C6C6}.Release|x64.ActiveCfg = Release|x64
		{968834AA-9F67-437D-8022-8D353B53C6C6}.Release|x64.Build.0 = Release|x64
		{968834AA-9F67-437D-8022-8D353B53C6C6}.Release|x86.ActiveCfg = Release|Win32
		{968834AA-9F67-437D-8022-8D353B53C6C6}.Release|x86.Build.0 = Release|Win32
		{3DFA6B9B-A17C-4A57-B062-6808C2721E08}.Debug|x64.ActiveCfg = Debug|x64
		{3DFA6B9B-A17C-4A57-B062-6808C2721E08}.Debug|x64.Build.0 = Debug|x64
		{3DFA6B9B-A17C-4A57-B062-6808C2721E08}.Debug|x86.ActiveCfg = Debug|Win32
		{3DFA6B9B-A17C-4A57-B062-6808C2721E08}.Debug|x86.Build.0 = Debug|Win32
		{3DFA6B9B-A17C-4A57-B062-6808C2721E08}.Release|x64.ActiveCfg = Release|x64
		{3DFA6B9B-A17C-4A57-B062-6808C2721E08}.Release|x64.Build.0 = Release|x64
		{3DFA6B9B-A17C-4A57-B062-6808C2721E08}.Release|x86.ActiveCfg = Release|Win32
		{3DFA6B9B-A17C-4A57-B062-6808C2721E08}.Release|x86.Build.0 = Release|Win32
		{A4D7AEBF-826D-48B5-9B81-9C3CAB41C6E1}.Debug|x64.ActiveCfg = Debug|x64
		{A4D7AEBF-826D-48B5-9B81-9C3CAB41C6E1}.Debug|x64.Build.0 = Debug|x64
		{A4D7AEBF-826D-48B5-9B81-9C3CAB41C6E1}.Debug|x86.ActiveCfg = Debug|Win32
		{A4D7AEBF-826D-48B5-9B81-9C3CAB41C6E1}.Debug|x86.Build.0 = Debug|Win32
		{A4D7AEBF-826D-48B5-9B81-9C3CAB41C6E1}.Release|x64.ActiveCfg = Release|x64
		{A4D7AEBF-826D-48B5-9B81-9C3CAB41C6E1}.Release|x64.Build.0 = Release|x64
		{A4D7AEBF-826D-48B5-9B81-9C3CAB41C6E1}.Release|x86.ActiveCfg = Release|Win32
		{A4D7AEBF-826D-48B5-9B81-9C3CAB41C6E1}.Release|x86.Build.0 = Release|Win32
		{113C9F65-55EE-412B-8C5F-C588CFB9A02D}.Debug|x64.ActiveCfg = Debug|x64
		{113C9F65-55EE-412B-8C5F-C588CFB9A02D}.Debug|x64.Build.0 = Debug|x64
		{113C9F65-55EE-412B-8C5F-C588CFB9A02D}.Debug|x86.ActiveCfg = Debug|Win32
		{113C9F65-55EE-412B-8C5F-C588CFB9A02D}.Debug|x86.Build.0 = Debug|Win32
		{113C9F65-55EE-412B-8C5F-C588CFB9A02D}.Release|x64.ActiveCfg = Release|x64
		{113C9F65-55EE-412B-8C5F-C588CFB9A02D}.Release|x64.Build.0 = Release|x64
		{113C9F65-55EE-412B-8C5F-C588CFB9A02D}.Release|x86.ActiveCfg = Release|Win32
		{113C9F65-55EE-412B-8C5F-C588CFB9A02D}.Release|x86.Build.0 = Release|Win32
		{10411406-4EA1-49BA-AF26-8A2FC8F95059}.Debug|x64.ActiveCfg = Debug|x64
		{10411406-4EA1-49BA-AF26-8A2FC8F95059}.Debug|x64.Build.0 = Debug|x64
		{10411406-4EA1-49BA-AF26-8A2FC8F95059}.Debug|x86.ActiveCfg = Debug|Win32
		{10411406-4EA1-49BA-AF26-8A2FC8F95059}.Debug|x86.Build.0 = Debug|Win32
		{10411406-4EA1-49BA-AF26-8A2FC8F95059}.Release|x64.ActiveCfg = Release|x64
		{10411406-4EA1-49BA-AF26-8A2FC8F95059}.Release|x64.Build.0 = Release|x64
		{10411406-4EA1-49BA-AF26-8A2FC8F95059}.Release|x86.ActiveCfg = Release|Win32
		{10411406-4EA1-49BA-AF26-8A2FC8F95059}.Release|x86.Build.0 = Release|Win32
		{0CCA199D-7B35-4202-8B1F-15AE5444426D}.Debug|x64.ActiveCfg = Debug|x64
		{0CCA199D-7B35-4202-8B1F-15AE5444426D}.Debug|x64.Build.0 = Debug|x64
		{0CCA199D-7B35-4202-8B1F-15AE5444426D}.Debug|x86.ActiveCfg = Debug|Win32
		{0CCA199D-7B35-4202-8B1F-15AE5444426D}.Debug|x86.Build.0 = Debug|Win32
		{0CCA199D-7B35-4202-8B1F-15AE5444426D}.Release|x64.ActiveCfg = Release|x64
		{0CCA199D-7B35-4202-8B1F-15AE5444426D}.Release|x64.Build.0 = Release|x64
		{0CCA199D-7B35-4202-8B1F-15AE5444426D}.Release|x86.ActiveCfg = Release|Win32
		{0CCA199D-7B35-4202-8B1F-15AE5444426D}.Release|x86.Build.0 = Release|Win32
		{7AA2AA6B-30EA-461F-98BB-468C50845356}.Debug|x64.ActiveCfg = Debug|x64
		{7AA2AA6B-30EA-461F-98BB-468C50845356}.Debug|x64.Build.0 = Debug|x64
		{7AA2AA6B-30EA-461F-98BB-468C50845356}.Debug|x86.ActiveCfg = Debug|Win32
		{7AA2AA6B-30EA-461F-98BB-468C50845356}.Debug|x86.Build.0 = Debug|Win32
		{7AA2AA6B-30EA-461F-98BB-468C50845356}.Release|x64.ActiveCfg = Release|x64
		{7AA2AA6B-30EA-461F-98BB-468C50845356}.Release|x64.Build.0 = Release|x64
		{7AA2AA6B-30EA-461F-98BB-468C50845356}.Release|x86.ActiveCfg = Release|Win32
		{7AA2AA6B-30EA-461F-98BB-468C50845356}.Release|x86.Build.0 = Release|Win32
		{6BF85A79-36D9-44DD-B2B1-08CC0EC5AB9A}.Debug|x64.ActiveCfg = Debug|x64
		{6BF85A79-36D9-44DD-B2B1-08CC0EC5AB9A}.Debug|x64.Build.0 = Debug|x64
		{6BF85A79-36D9-44DD-B2B1-08CC0EC5AB9A}.Debug|x86.ActiveCfg = Debug|Win32
		{6BF85A79-36D9-44DD-B2B1-08CC0EC5AB9A}.Debug|x86.Build.0 = Debug|Win32
		{6BF85A79-36D9-44DD-B2B1-08CC0EC5AB9A}.Release|x64.ActiveCfg = Release|x64
		{6BF85A79-36D9-44DD-B2B1-08CC0EC5AB9A}.Release|x64.Build.0 = Release|x64
		{6BF85A79-36D9-44DD-B2B1-08CC0EC5AB9A}.Release|x86.ActiveCfg = Release|Win32
		{6BF85A79-36D9-44DD-B2B1-08CC0EC5AB9A}.Release|x86.Build.0 = Release|Win32
		{FAF967EF-8FB2-4B07-90EF-33CA262BA568}.Debug|x64.ActiveCfg = Debug|x64
		{FAF967EF-8FB2-4B07-90EF-33CA262BA568}.Debug|x64.Build.0 = Debug|x64
		{FAF967EF-8FB2-4B07-90EF-33CA262BA568}.Debug|x86.ActiveCfg = Debug|Win32
		{FAF967EF-8FB2-4B07-90EF-33CA262BA568}.Debug|x86.Build.0 = Debug|Win32
		{FAF967EF-8FB2-4B07-90EF-33CA262BA568}.Release|x64.ActiveCfg = Release|x64
		{FAF967EF-8FB2-4B07-90EF-33CA262BA568}.Release|x64.Build.0 = Release|x64
		{FAF967EF-8FB2-4B07-90EF-33CA262BA568}.Release|x86.ActiveCfg = Release|Win32
		{FAF967EF-8FB2-4B07-90EF-33CA262BA568}.Release|x86.Build.0 = Release|Win32
		{D3EA1BCD-6923-41A3-B2A1-450ACE54CBEF}.Debug|x64.ActiveCfg = Debug|x64
		{D3EA1BCD-6923-41A3-B2A1-450ACE54CBEF}.Debug|x64.Build.0 = Debug|x64
		{D3EA1BCD-6923-41A3-B2A1-450ACE54CBEF}.Debug|x86.ActiveCfg = Debug|Win32
		{D3EA1BCD-6923-41A3-B2A1-450ACE54CBEF}.Debug|x86.Build.0 = Debug|Win32
		{D3EA1BCD-6923-41A3-B2A1-450ACE54CBEF}.Release|x64.ActiveCfg = Release|x64
		{D3EA1BCD-6923-41A3-B2A1-450ACE54CBEF}.Release|x64.Build.0 = Release|x64
		{D3EA1BCD-6923-41A3-B2A1-450ACE54CBEF}.Release|x86.ActiveCfg = Release|Win32
		{D3EA1BCD-6923-41A3-B2A1-450ACE54CBEF}.Release|x86.Build.0 = Release|Win32
		{81593BBA-0B22-41E9-9493-034F9556F422}.Debug|x64.ActiveCfg = Debug|x64
		{81593BBA-0B22-41E9-9493-034F9556F422}.Debug|x64.Build.0 = Debug|x64
		{81593BBA-0B22-41E9-9493-034F9556F422}.Debug|x86.ActiveCfg = Debug|Win32
		{81593BBA-0B22-41E9-9493-034F9556F422}.Debug|x86.Build.0 = Debug|Win32
		{81593BBA-0B22-41E9-9493-034F9556F422}.Release|x64.ActiveCfg = Release|x64
		{81593BBA-0B22-41E9-9493-034F9556F422}.Release|x64.Build.0 = Release|x64
		{81593BBA-0B22-41E9-9493-034F9556F422}.Release|x86.ActiveCfg = Release|Win32
		{81593BBA-0B22-41E9-9493-034F9556F422}.Release|x86.Build.0 = Release|Win32
		{8B6E941D-A45F-44E4-9BD1-11E9DA42BDCB}.Debug|x64.ActiveCfg = Debug|x64
		{8B6E941D-A45F-44E4-9BD1-11E9DA42BDCB}.Debug|x64.Build.0 = Debug|x64
		{8B6E941D-A45F-44E4-9BD1-11E9DA42BDCB}.Debug|x86.ActiveCfg = Debug|Win32
		{8B6E941D-A45F-44E4-9BD1-11E9DA42BDCB}.Debug|x86.Build.0 = Debug|Win32
		{8B6E941D-A45F-44E4-9BD1-11E9DA42BDCB}.Release|x64.ActiveCfg = Release|x64
		{8B6E941D-A45F-44E4-9BD1-11E9DA42BDCB}.Release|x64.Build.0 = Release|x64
		{8B6E941D-A45F-44E4-9BD1-11E9DA42BDCB}.Release|x86.ActiveCfg = Release|Win32
		{8B6E941D-A45F-44E4-9BD1-11E9DA42BDCB}.Release|x86.Build.0 = Release|Win32
	EndGlobalSection
	GlobalSection(SolutionProperties) = preSolution
		HideSolutionNode = FALSE
	EndGlobalSection
	GlobalSection(ExtensibilityGlobals) = postSolution
		SolutionGuid = {7D0C209C-5AD8-43DD-93AF-35BFC3F08BE3}
	EndGlobalSection
EndGlobal
